<?xml version="1.0" encoding="utf-8"?>
<Project ToolsVersion="4.0" xmlns="http://schemas.microsoft.com/developer/msbuild/2003">
  <ItemGroup>
    <ClCompile Include="Source\BlasterMaster.cc" />
    <ClCompile Include="Engine\Core\Window.cc" />
    <ClCompile Include="Engine\Core\Game.cc" />
    <ClCompile Include="Engine\Renderer\Renderer.cc" />
    <ClCompile Include="Source\Object\Player\SophiaIII.cc" />
    <ClCompile Include="Engine\Core\Object.cc" />
    <ClCompile Include="Engine\Renderer\Sprite.cc" />
    <ClCompile Include="Engine\Renderer\Texture.cc" />
    <ClCompile Include="Engine\Renderer\Animation.cc" />
    <ClCompile Include="Engine\Renderer\Camera.cc" />
    <ClCompile Include="Engine\Math\Vector.cc" />
    <ClCompile Include="Engine\Event\KeyboardEvent.cc" />
    <ClCompile Include="Engine\Scene\Scene.cc" />
    <ClCompile Include="Source\Utility\QuadTree.cc" />
    <ClCompile Include="Engine\Renderer\Renderable.cc" />
    <ClCompile Include="Engine\Core\Input.cc" />
    <ClCompile Include="Engine\Debug\Debug.cc" />
    <ClCompile Include="Source\Scene\PlayScene.cc" />
    <ClCompile Include="Engine\Math\Collision.cc" />
    <ClCompile Include="Source\Scene\SceneParser.cc" />
    <ClCompile Include="Source\Object\Bullet\SophiaIIIBullet.cc" />
    <ClCompile Include="Source\Object\Bullet\Bullet.cc" />
    <ClCompile Include="Source\Object\Enemy\Interrupt.cc" />
    <ClCompile Include="Source\Object\Enemy\Enemy.cc" />
    <ClCompile Include="Source\Object\Enemy\Ballbot.cc" />
    <ClCompile Include="Source\Object\Enemy\Stuka.cc" />
    <ClCompile Include="Source\Object\Enemy\Eyelet.cc" />
    <ClCompile Include="Source\Object\Enemy\BallCarry.cc" />
    <ClCompile Include="Source\Object\Player\JasonS.cc" />
    <ClCompile Include="Source\Object\Player\Player.cc" />
    <ClCompile Include="Engine\Math\Box.cc" />
    <ClCompile Include="Source\Object\Enemy\Neoworm.cc" />
    <ClCompile Include="Source\Utility\Strings.cc" />
    <ClCompile Include="Engine\Math\Physic.cc" />
    <ClCompile Include="Engine\Physic\Collider2D.cc" />
  </ItemGroup>
  <ItemGroup>
    <ClInclude Include="Engine\Core\Window.hh" />
    <ClInclude Include="Engine\Core\Game.hh" />
    <ClInclude Include="Engine\Renderer\Renderer.hh" />
    <ClInclude Include="Source\Object\Player\SophiaIII.hh" />
    <ClInclude Include="Engine\Core\Object.hh" />
    <ClInclude Include="Engine\Core\TimeStep.hh" />
    <ClInclude Include="Engine\Renderer\Sprite.hh" />
    <ClInclude Include="Engine\Renderer\Texture.hh" />
    <ClInclude Include="Engine\Renderer\Animation.hh" />
    <ClInclude Include="Engine\Renderer\Camera.hh" />
    <ClInclude Include="Engine\Math\Vector.hh" />
    <ClInclude Include="Engine\Math\Math.hh" />
    <ClInclude Include="Engine\Event\KeyboardEvent.hh" />
    <ClInclude Include="Engine\Scene\Scene.hh" />
    <ClInclude Include="Source\Utility\QuadTree.hh" />
    <ClInclude Include="Source\BlasterMaster.hh" />
    <ClInclude Include="Engine\Renderer\Renderable.hh" />
    <ClInclude Include="Engine\Core\Input.hh" />
    <ClInclude Include="Engine\Debug\Debug.hh" />
    <ClInclude Include="Source\Scene\PlayScene.hh" />
    <ClInclude Include="Source\Object\Object.hh" />
    <ClInclude Include="Engine\Math\Collision.hh" />
    <ClInclude Include="Source\Scene\SceneParser.hh" />
    <ClInclude Include="Source\Object\State.hh" />
    <ClInclude Include="Source\Object\Bullet\SophiaIIIBullet.hh" />
    <ClInclude Include="Source\Object\Bullet\Bullet.hh" />
    <ClInclude Include="Source\Object\Enemy\Interrupt.hh" />
    <ClInclude Include="Source\Object\Player\Player.hh" />
    <ClInclude Include="Source\Object\Enemy\Enemy.hh" />
    <ClInclude Include="Source\Object\Brick.hh" />
    <ClInclude Include="Resources\Resources.hh" />
    <ClInclude Include="Source\Object\Enemy\Ballbot.hh" />
    <ClInclude Include="Source\Object\Enemy\Stuka.hh" />
    <ClInclude Include="Source\Object\Enemy\Eyelet.hh" />
    <ClInclude Include="Source\Object\Enemy\BallCarry.hh" />
    <ClInclude Include="Source\Object\Player\JasonS.hh" />
    <ClInclude Include="Engine\Math\Box.hh" />
    <ClInclude Include="Source\Object\Enemy\Neoworm.hh" />
    <ClInclude Include="Source\Utility\Strings.hh" />
    <ClInclude Include="Engine\Core\Base.hh" />
    <ClInclude Include="Engine\Math\Physic.hh" />
    <ClInclude Include="Engine\Physic\Collider2D.hh" />
  </ItemGroup>
  <ItemGroup>
    <Image Include="Resources\SophiaIII.png" />
    <Image Include="Resources\Blue.png" />
    <Image Include="Resources\Area3.png" />
    <Image Include="Resources\Area3Tiled.png" />
    <Image Include="Resources\Enemies.png" />
    <Image Include="Resources\Red.png" />
  </ItemGroup>
  <ItemGroup>
    <None Include="Resources\Area3.ini" />
  </ItemGroup>
</Project>